
Microsoft Visual Studio Solution File, Format Version 12.00
# Visual Studio Version 17
VisualStudioVersion = 17.5.002.0
MinimumVisualStudioVersion = 10.0.40219.1
Project("{2150E333-8FDC-42A3-9474-1A3956D46DE8}") = "semana1", "semana1", "{0C3EFCFE-DAD7-47C3-BB0B-5B15B1B6E378}"
EndProject
Project("{9A19103F-16F7-4668-BE54-9A1E7A4F7556}") = "ConsoleApp1", "semana1\ConsoleApp1\ConsoleApp1.csproj", "{DD76A446-DEE2-4EC6-8711-02309EEA4880}"
EndProject
Project("{9A19103F-16F7-4668-BE54-9A1E7A4F7556}") = "p001", "semana1\p001\p001.csproj", "{68406E7B-4C5A-481F-86A8-2927CA45DA9E}"
EndProject
Project("{2150E333-8FDC-42A3-9474-1A3956D46DE8}") = "Semana2", "Semana2", "{D3334C60-F75C-4A7E-8BFA-7B19F135061C}"
EndProject
Project("{FAE04EC0-301F-11D3-BF4B-00C04F79EFBC}") = "ConsoleApp1", "Semana2\ConsoleApp1\ConsoleApp1.csproj", "{96BBF726-FAEE-4163-9508-D6942388EA5D}"
EndProject
Global
	GlobalSection(SolutionConfigurationPlatforms) = preSolution
		Debug|Any CPU = Debug|Any CPU
		Release|Any CPU = Release|Any CPU
	EndGlobalSection
	GlobalSection(ProjectConfigurationPlatforms) = postSolution
		{DD76A446-DEE2-4EC6-8711-02309EEA4880}.Debug|Any CPU.ActiveCfg = Debug|Any CPU
		{DD76A446-DEE2-4EC6-8711-02309EEA4880}.Debug|Any CPU.Build.0 = Debug|Any CPU
		{DD76A446-DEE2-4EC6-8711-02309EEA4880}.Release|Any CPU.ActiveCfg = Release|Any CPU
		{DD76A446-DEE2-4EC6-8711-02309EEA4880}.Release|Any CPU.Build.0 = Release|Any CPU
		{68406E7B-4C5A-481F-86A8-2927CA45DA9E}.Debug|Any CPU.ActiveCfg = Debug|Any CPU
		{68406E7B-4C5A-481F-86A8-2927CA45DA9E}.Debug|Any CPU.Build.0 = Debug|Any CPU
		{68406E7B-4C5A-481F-86A8-2927CA45DA9E}.Release|Any CPU.ActiveCfg = Release|Any CPU
		{68406E7B-4C5A-481F-86A8-2927CA45DA9E}.Release|Any CPU.Build.0 = Release|Any CPU
		{96BBF726-FAEE-4163-9508-D6942388EA5D}.Debug|Any CPU.ActiveCfg = Debug|Any CPU
		{96BBF726-FAEE-4163-9508-D6942388EA5D}.Debug|Any CPU.Build.0 = Debug|Any CPU
		{96BBF726-FAEE-4163-9508-D6942388EA5D}.Release|Any CPU.ActiveCfg = Release|Any CPU
		{96BBF726-FAEE-4163-9508-D6942388EA5D}.Release|Any CPU.Build.0 = Release|Any CPU
	EndGlobalSection
	GlobalSection(SolutionProperties) = preSolution
		HideSolutionNode = FALSE
	EndGlobalSection
	GlobalSection(NestedProjects) = preSolution
		{DD76A446-DEE2-4EC6-8711-02309EEA4880} = {0C3EFCFE-DAD7-47C3-BB0B-5B15B1B6E378}
		{68406E7B-4C5A-481F-86A8-2927CA45DA9E} = {0C3EFCFE-DAD7-47C3-BB0B-5B15B1B6E378}
		{96BBF726-FAEE-4163-9508-D6942388EA5D} = {D3334C60-F75C-4A7E-8BFA-7B19F135061C}
	EndGlobalSection
	GlobalSection(ExtensibilityGlobals) = postSolution
		SolutionGuid = {7C376324-6380-47A2-99D0-67CA620D1889}
	EndGlobalSection
EndGlobal
